lockfile_version: '1'
generated_at: '2026-06-27T05:48:24.571357+00:00'
apm_version: 0.9.2
dependencies:
- repo_url: mattpocock/skills
  host: github.com
  resolved_commit: 6eeb81b5fcfeeb5bd531dd47ab2f9f2bbea27461
  package_type: apm_package
  deployed_files:
  - .agents/skills/ask-matt
  - .agents/skills/codebase-design
  - .agents/skills/diagnosing-bugs
  - .agents/skills/domain-modeling
  - .agents/skills/grill-me
  - .agents/skills/grill-with-docs
  - .agents/skills/grilling
  - .agents/skills/handoff
  - .agents/skills/improve-codebase-architecture
  - .agents/skills/prototype
  - .agents/skills/setup-matt-pocock-skills
  - .agents/skills/tdd
  - .agents/skills/teach
  - .agents/skills/to-issues
  - .agents/skills/to-prd
  - .agents/skills/triage
  - .agents/skills/writing-great-skills
  - .claude/skills/ask-matt
  - .claude/skills/codebase-design
  - .claude/skills/diagnosing-bugs
  - .claude/skills/domain-modeling
  - .claude/skills/grill-me
  - .claude/skills/grill-with-docs
  - .claude/skills/grilling
  - .claude/skills/handoff
  - .claude/skills/improve-codebase-architecture
  - .claude/skills/prototype
  - .claude/skills/setup-matt-pocock-skills
  - .claude/skills/tdd
  - .claude/skills/teach
  - .claude/skills/to-issues
  - .claude/skills/to-prd
  - .claude/skills/triage
  - .claude/skills/writing-great-skills
  content_hash: sha256:0f141b68d72e78d13a9000f99542aaecd53ed7eea15f4611dbc2961ab79efcee
local_deployed_files:
- .agents/skills/code-reviewer
- .agents/skills/orchestrator
- .agents/skills/php-feature-test-creator
- .agents/skills/php-integration-test-creator
- .agents/skills/php-unit-test-creator
- .agents/skills/pr-creator
- .claude/agents/docs-curator.md
- .claude/rules/01-backend.md
- .claude/rules/02-admin.md
- .claude/rules/03-contracts.md
- .claude/rules/04-docs.md
- .claude/skills/code-reviewer
- .claude/skills/orchestrator
- .claude/skills/php-feature-test-creator
- .claude/skills/php-integration-test-creator
- .claude/skills/php-unit-test-creator
- .claude/skills/pr-creator
- .codex/agents/docs-curator.toml
local_deployed_file_hashes:
  .claude/agents/docs-curator.md: sha256:68a5947765c0e375c95ef0550c799522cf59f6272836c6fd3d8f5ec70f97e1e6
  .claude/rules/01-backend.md: sha256:8eee1bc000c5f14a27da280992b305ee3e44b5956c6066c2b33fca811c016ecd
  .claude/rules/02-admin.md: sha256:c7c577c58d98302f63b9981591c2058f17279923fdd1e534f6b75cb792d0afb0
  .claude/rules/03-contracts.md: sha256:8133e663aa2c8f31cfb8ae8defa6b08c3150a71a58f3bc61549f674dd5544b22
  .claude/rules/04-docs.md: sha256:5197d40ef8f6f8792bef0f3345bd86b7d5a99c4bff67759e6aff796baa8453e1
  .codex/agents/docs-curator.toml: sha256:70146d1484d2cef370d59638cf4657c479c1788d9c0ed84637bbf0da79bf7f46
